
Microsoft Visual Studio Solution File, Format Version 12.00
# Visual Studio 2013
# UnrealEngineGeneratedSolutionVersion=1.0
Project("{2150E333-8FDC-42A3-9474-1A3956D46DE8}") = "Engine", "Engine", "{9C0085B7-B17D-4146-BBDB-630540B9F360}"
EndProject
Project("{2150E333-8FDC-42A3-9474-1A3956D46DE8}") = "Games", "Games", "{048B1A9E-A260-41FF-B320-8F4434CE3E86}"
EndProject
Project("{8BC9CEB8-8B4A-11D0-8D11-00A0C91BC942}") = "LearnAndPlay", "Intermediate\ProjectFiles\LearnAndPlay.vcxproj", "{D24B0094-94BF-46E3-8E6B-9F4FF4F836DA}"
EndProject
Project("{8BC9CEB8-8B4A-11D0-8D11-00A0C91BC942}") = "UE4", "Intermediate\ProjectFiles\UE4.vcxproj", "{8FA36481-A265-4CB2-8D83-8B566809E16D}"
EndProject
Global
	GlobalSection(SolutionConfigurationPlatforms) = preSolution
		DebugGame Editor|Android = DebugGame Editor|Android
		DebugGame Editor|Win32 = DebugGame Editor|Win32
		DebugGame Editor|Win64 = DebugGame Editor|Win64
		DebugGame|Android = DebugGame|Android
		DebugGame|Win32 = DebugGame|Win32
		DebugGame|Win64 = DebugGame|Win64
		Development Editor|Android = Development Editor|Android
		Development Editor|Win32 = Development Editor|Win32
		Development Editor|Win64 = Development Editor|Win64
		Development|Android = Development|Android
		Development|Win32 = Development|Win32
		Development|Win64 = Development|Win64
		Shipping|Android = Shipping|Android
		Shipping|Win32 = Shipping|Win32
		Shipping|Win64 = Shipping|Win64
	EndGlobalSection
	GlobalSection(ProjectConfigurationPlatforms) = postSolution
		{D24B0094-94BF-46E3-8E6B-9F4FF4F836DA}.DebugGame Editor|Android.ActiveCfg = DebugGame_Editor|Tegra-Android
		{D24B0094-94BF-46E3-8E6B-9F4FF4F836DA}.DebugGame Editor|Android.Build.0 = DebugGame_Editor|Tegra-Android
		{D24B0094-94BF-46E3-8E6B-9F4FF4F836DA}.DebugGame Editor|Win32.ActiveCfg = DebugGame_Editor|Win32
		{D24B0094-94BF-46E3-8E6B-9F4FF4F836DA}.DebugGame Editor|Win32.Build.0 = DebugGame_Editor|Win32
		{D24B0094-94BF-46E3-8E6B-9F4FF4F836DA}.DebugGame Editor|Win64.ActiveCfg = DebugGame_Editor|x64
		{D24B0094-94BF-46E3-8E6B-9F4FF4F836DA}.DebugGame Editor|Win64.Build.0 = DebugGame_Editor|x64
		{D24B0094-94BF-46E3-8E6B-9F4FF4F836DA}.DebugGame|Android.ActiveCfg = DebugGame_Game|Tegra-Android
		{D24B0094-94BF-46E3-8E6B-9F4FF4F836DA}.DebugGame|Android.Build.0 = DebugGame_Game|Tegra-Android
		{D24B0094-94BF-46E3-8E6B-9F4FF4F836DA}.DebugGame|Win32.ActiveCfg = DebugGame_Game|Win32
		{D24B0094-94BF-46E3-8E6B-9F4FF4F836DA}.DebugGame|Win32.Build.0 = DebugGame_Game|Win32
		{D24B0094-94BF-46E3-8E6B-9F4FF4F836DA}.DebugGame|Win64.ActiveCfg = DebugGame_Game|x64
		{D24B0094-94BF-46E3-8E6B-9F4FF4F836DA}.DebugGame|Win64.Build.0 = DebugGame_Game|x64
		{D24B0094-94BF-46E3-8E6B-9F4FF4F836DA}.Development Editor|Android.ActiveCfg = Development_Editor|Tegra-Android
		{D24B0094-94BF-46E3-8E6B-9F4FF4F836DA}.Development Editor|Android.Build.0 = Development_Editor|Tegra-Android
		{D24B0094-94BF-46E3-8E6B-9F4FF4F836DA}.Development Editor|Win32.ActiveCfg = Development_Editor|Win32
		{D24B0094-94BF-46E3-8E6B-9F4FF4F836DA}.Development Editor|Win32.Build.0 = Development_Editor|Win32
		{D24B0094-94BF-46E3-8E6B-9F4FF4F836DA}.Development Editor|Win64.ActiveCfg = Development_Editor|x64
		{D24B0094-94BF-46E3-8E6B-9F4FF4F836DA}.Development Editor|Win64.Build.0 = Development_Editor|x64
		{D24B0094-94BF-46E3-8E6B-9F4FF4F836DA}.Development|Android.ActiveCfg = Development_Game|Tegra-Android
		{D24B0094-94BF-46E3-8E6B-9F4FF4F836DA}.Development|Android.Build.0 = Development_Game|Tegra-Android
		{D24B0094-94BF-46E3-8E6B-9F4FF4F836DA}.Development|Win32.ActiveCfg = Development_Game|Win32
		{D24B0094-94BF-46E3-8E6B-9F4FF4F836DA}.Development|Win32.Build.0 = Development_Game|Win32
		{D24B0094-94BF-46E3-8E6B-9F4FF4F836DA}.Development|Win64.ActiveCfg = Development_Game|x64
		{D24B0094-94BF-46E3-8E6B-9F4FF4F836DA}.Development|Win64.Build.0 = Development_Game|x64
		{D24B0094-94BF-46E3-8E6B-9F4FF4F836DA}.Shipping|Android.ActiveCfg = Shipping_Game|Tegra-Android
		{D24B0094-94BF-46E3-8E6B-9F4FF4F836DA}.Shipping|Android.Build.0 = Shipping_Game|Tegra-Android
		{D24B0094-94BF-46E3-8E6B-9F4FF4F836DA}.Shipping|Win32.ActiveCfg = Shipping_Game|Win32
		{D24B0094-94BF-46E3-8E6B-9F4FF4F836DA}.Shipping|Win32.Build.0 = Shipping_Game|Win32
		{D24B0094-94BF-46E3-8E6B-9F4FF4F836DA}.Shipping|Win64.ActiveCfg = Shipping_Game|x64
		{D24B0094-94BF-46E3-8E6B-9F4FF4F836DA}.Shipping|Win64.Build.0 = Shipping_Game|x64
	EndGlobalSection
	GlobalSection(SolutionProperties) = preSolution
		HideSolutionNode = FALSE
	EndGlobalSection
	GlobalSection(NestedProjects) = preSolution
		{8FA36481-A265-4CB2-8D83-8B566809E16D} = {9C0085B7-B17D-4146-BBDB-630540B9F360}
		{D24B0094-94BF-46E3-8E6B-9F4FF4F836DA} = {048B1A9E-A260-41FF-B320-8F4434CE3E86}
	EndGlobalSection
EndGlobal
